
Microsoft Visual Studio Solution File, Format Version 12.00
# Visual Studio Version 17
VisualStudioVersion = 17.14.35821.62
MinimumVisualStudioVersion = 10.0.40219.1
Project("{2150E333-8FDC-42A3-9474-1A3956D46DE8}") = "src", "src", "{5E077768-708C-4516-A1DF-0C260C4AC63C}"
	ProjectSection(SolutionItems) = preProject
		src\Directory.Build.props = src\Directory.Build.props
		src\Directory.Build.targets = src\Directory.Build.targets
		src\Directory.Packages.props = src\Directory.Packages.props
		src\Packages.props = src\Packages.props
	EndProjectSection
EndProject
Project("{2150E333-8FDC-42A3-9474-1A3956D46DE8}") = "BuildingBlocks", "BuildingBlocks", "{7AF29904-C1FC-40CC-A14F-A1B03D639D54}"
EndProject
Project("{FAE04EC0-301F-11D3-BF4B-00C04F79EFBC}") = "BuildingBlocks.Abstractions", "src\BuildingBlocks\BuildingBlocks.Abstractions\BuildingBlocks.Abstractions.csproj", "{0CE2992B-6E44-43DD-88CA-F372A98CD64C}"
EndProject
Project("{FAE04EC0-301F-11D3-BF4B-00C04F79EFBC}") = "BuildingBlocks.Core", "src\BuildingBlocks\BuildingBlocks.Core\BuildingBlocks.Core.csproj", "{5744DD38-2707-4F30-B03C-41ECDF69F493}"
EndProject
Project("{FAE04EC0-301F-11D3-BF4B-00C04F79EFBC}") = "BuildingBlocks.Caching", "src\BuildingBlocks\BuildingBlocks.Caching\BuildingBlocks.Caching.csproj", "{73DF2F1C-D3CC-4778-B55E-75C4264E0BA8}"
EndProject
Project("{FAE04EC0-301F-11D3-BF4B-00C04F79EFBC}") = "BuildingBlocks.Email", "src\BuildingBlocks\BuildingBlocks.Email\BuildingBlocks.Email.csproj", "{08D714BF-0027-4A23-A8B8-58E36A5BC593}"
EndProject
Project("{FAE04EC0-301F-11D3-BF4B-00C04F79EFBC}") = "BuildingBlocks.HealthCheck", "src\BuildingBlocks\BuildingBlocks.HealthCheck\BuildingBlocks.HealthCheck.csproj", "{94FC34E4-7839-4DB8-9095-27EF23E811A0}"
EndProject
Project("{FAE04EC0-301F-11D3-BF4B-00C04F79EFBC}") = "BuildingBlocks.Integration.MassTransit", "src\BuildingBlocks\BuildingBlocks.Integration.MassTransit\BuildingBlocks.Integration.MassTransit.csproj", "{24E1D6A3-DB4E-4AD9-9735-05F644252891}"
EndProject
Project("{FAE04EC0-301F-11D3-BF4B-00C04F79EFBC}") = "BuildingBlocks.Logging", "src\BuildingBlocks\BuildingBlocks.Logging\BuildingBlocks.Logging.csproj", "{31BFA849-04AB-4440-BACC-44BAF4572D89}"
EndProject
Project("{FAE04EC0-301F-11D3-BF4B-00C04F79EFBC}") = "BuildingBlocks.OpenTelemetry", "src\BuildingBlocks\BuildingBlocks.OpenTelemetry\BuildingBlocks.OpenTelemetry.csproj", "{D0A7DCD7-AB55-4920-B735-CCA26BD2B091}"
EndProject
Project("{FAE04EC0-301F-11D3-BF4B-00C04F79EFBC}") = "BuildingBlocks.Persistence.EfCore.Postgres", "src\BuildingBlocks\BuildingBlocks.Persistence.EfCore.Postgres\BuildingBlocks.Persistence.EfCore.Postgres.csproj", "{F6C08F17-529C-4F2D-BDBB-0C37BD8D2625}"
EndProject
Project("{FAE04EC0-301F-11D3-BF4B-00C04F79EFBC}") = "BuildingBlocks.Persistence.EventStoreDB", "src\BuildingBlocks\BuildingBlocks.Persistence.EventStoreDB\BuildingBlocks.Persistence.EventStoreDB.csproj", "{5AC37F7A-E735-4A37-9962-809DB23771AD}"
EndProject
Project("{FAE04EC0-301F-11D3-BF4B-00C04F79EFBC}") = "BuildingBlocks.Persistence.Marten", "src\BuildingBlocks\BuildingBlocks.Persistence.Marten\BuildingBlocks.Persistence.Marten.csproj", "{80EBC22E-F517-43C6-AE5E-D226206C960E}"
EndProject
Project("{FAE04EC0-301F-11D3-BF4B-00C04F79EFBC}") = "BuildingBlocks.Persistence.Mongo", "src\BuildingBlocks\BuildingBlocks.Persistence.Mongo\BuildingBlocks.Persistence.Mongo.csproj", "{2CBEA687-B204-4EF8-8869-0212C10C162B}"
EndProject
Project("{FAE04EC0-301F-11D3-BF4B-00C04F79EFBC}") = "BuildingBlocks.Resiliency", "src\BuildingBlocks\BuildingBlocks.Resiliency\BuildingBlocks.Resiliency.csproj", "{E4EE7827-987C-47AD-993C-A435EBC8B238}"
EndProject
Project("{FAE04EC0-301F-11D3-BF4B-00C04F79EFBC}") = "BuildingBlocks.Security", "src\BuildingBlocks\BuildingBlocks.Security\BuildingBlocks.Security.csproj", "{A8A0DADD-29B0-4675-BA94-4E9F57B6305C}"
EndProject
Project("{FAE04EC0-301F-11D3-BF4B-00C04F79EFBC}") = "BuildingBlocks.Serialization", "src\BuildingBlocks\BuildingBlocks.Serialization\BuildingBlocks.Serialization.csproj", "{092E0643-7828-4823-8F35-3E667E27F01E}"
EndProject
Project("{FAE04EC0-301F-11D3-BF4B-00C04F79EFBC}") = "BuildingBlocks.Swagger", "src\BuildingBlocks\BuildingBlocks.Swagger\BuildingBlocks.Swagger.csproj", "{04BF9D44-8AFE-4B5F-AE84-93916C2A375A}"
EndProject
Project("{FAE04EC0-301F-11D3-BF4B-00C04F79EFBC}") = "BuildingBlocks.Validation", "src\BuildingBlocks\BuildingBlocks.Validation\BuildingBlocks.Validation.csproj", "{1841564E-25D6-4432-B9E2-295B8F78750B}"
EndProject
Project("{FAE04EC0-301F-11D3-BF4B-00C04F79EFBC}") = "BuildingBlocks.Web", "src\BuildingBlocks\BuildingBlocks.Web\BuildingBlocks.Web.csproj", "{801D2D4B-DB40-4829-80F2-0C26AE31FC2B}"
EndProject
Project("{FAE04EC0-301F-11D3-BF4B-00C04F79EFBC}") = "BuildingBlocks.Messaging.Persistence.Postgres", "src\BuildingBlocks\BuildingBlocks.Messaging.Persistence.Postgres\BuildingBlocks.Messaging.Persistence.Postgres.csproj", "{C775746B-BBE8-44C5-AD4E-D3C67033BDFC}"
EndProject
Project("{2150E333-8FDC-42A3-9474-1A3956D46DE8}") = "ApiGateway", "ApiGateway", "{E323ABE8-9640-4782-8584-0F5788C494BD}"
EndProject
Project("{FAE04EC0-301F-11D3-BF4B-00C04F79EFBC}") = "FoodDelivery.ApiGateway", "src\ApiGateway\FoodDelivery.ApiGateway\FoodDelivery.ApiGateway.csproj", "{865C39C1-9D87-472E-B92D-B3B87404EB83}"
EndProject
Project("{2150E333-8FDC-42A3-9474-1A3956D46DE8}") = "Services", "Services", "{37312129-B896-40FC-B770-9504AF381161}"
EndProject
Project("{2150E333-8FDC-42A3-9474-1A3956D46DE8}") = "Shared", "Shared", "{13C6668E-C2D6-427C-A82A-3EC1002FFAF1}"
EndProject
Project("{FAE04EC0-301F-11D3-BF4B-00C04F79EFBC}") = "FoodDelivery.Services.Shared", "src\Services\Shared\FoodDelivery.Services.Shared\FoodDelivery.Services.Shared.csproj", "{C07BA866-AC99-4408-80F0-97030EF31F0F}"
EndProject
Project("{2150E333-8FDC-42A3-9474-1A3956D46DE8}") = "Solution Items", "Solution Items", "{02EA681E-C7D8-13C7-8484-4AC65E1B71E8}"
	ProjectSection(SolutionItems) = preProject
		.csharpierrc.yaml = .csharpierrc.yaml
		.editorconfig = .editorconfig
		stylecop.json = stylecop.json
	EndProjectSection
EndProject
Project("{2150E333-8FDC-42A3-9474-1A3956D46DE8}") = "Identity", "Identity", "{A0C501FB-E6C6-4574-A5F1-E98D400F2D76}"
	ProjectSection(SolutionItems) = preProject
		src\Services\Identity\dev.Dockerfile = src\Services\Identity\dev.Dockerfile
		src\Services\Identity\Directory.Build.props = src\Services\Identity\Directory.Build.props
		src\Services\Identity\Dockerfile = src\Services\Identity\Dockerfile
		src\Services\Identity\migrations.bat = src\Services\Identity\migrations.bat
		src\Services\Identity\nuget.config = src\Services\Identity\nuget.config
		src\Services\Identity\watch.Dockerfile = src\Services\Identity\watch.Dockerfile
	EndProjectSection
EndProject
Project("{FAE04EC0-301F-11D3-BF4B-00C04F79EFBC}") = "FoodDelivery.Services.Identity", "src\Services\Identity\FoodDelivery.Services.Identity\FoodDelivery.Services.Identity.csproj", "{9C0DF32A-1D6C-495B-B7AA-D1F72D2FCF39}"
EndProject
Project("{FAE04EC0-301F-11D3-BF4B-00C04F79EFBC}") = "FoodDelivery.Services.Identity.Api", "src\Services\Identity\FoodDelivery.Services.Identity.Api\FoodDelivery.Services.Identity.Api.csproj", "{97BD62F2-D1FE-4FA5-A5DE-18C95C742C70}"
EndProject
Project("{2150E333-8FDC-42A3-9474-1A3956D46DE8}") = "Orders", "Orders", "{5EED3D5B-5E7D-4CA4-8F94-C479B8E65740}"
	ProjectSection(SolutionItems) = preProject
		src\Services\Orders\dev.Dockerfile = src\Services\Orders\dev.Dockerfile
		src\Services\Orders\Directory.Build.props = src\Services\Orders\Directory.Build.props
		src\Services\Orders\Dockerfile = src\Services\Orders\Dockerfile
		src\Services\Orders\nuget.config = src\Services\Orders\nuget.config
		src\Services\Orders\watch.Dockerfile = src\Services\Orders\watch.Dockerfile
	EndProjectSection
EndProject
Project("{FAE04EC0-301F-11D3-BF4B-00C04F79EFBC}") = "FoodDelivery.Services.Orders", "src\Services\Orders\FoodDelivery.Services.Orders\FoodDelivery.Services.Orders.csproj", "{0B77F88F-F17E-4782-80D7-99601765081C}"
EndProject
Project("{FAE04EC0-301F-11D3-BF4B-00C04F79EFBC}") = "FoodDelivery.Services.Orders.Api", "src\Services\Orders\FoodDelivery.Services.Orders.Api\FoodDelivery.Services.Orders.Api.csproj", "{7C943D5A-69D5-4D5F-AE24-5A470E25B3AC}"
EndProject
Project("{2150E333-8FDC-42A3-9474-1A3956D46DE8}") = "Catalogs", "Catalogs", "{D2B8B5EE-A5FE-4C0F-A49E-9608B0F5160A}"
	ProjectSection(SolutionItems) = preProject
		src\Services\Catalogs\dev.Dockerfile = src\Services\Catalogs\dev.Dockerfile
		src\Services\Catalogs\Directory.Build.props = src\Services\Catalogs\Directory.Build.props
		src\Services\Catalogs\Dockerfile = src\Services\Catalogs\Dockerfile
		src\Services\Catalogs\migrations.bat = src\Services\Catalogs\migrations.bat
		src\Services\Catalogs\nuget.config = src\Services\Catalogs\nuget.config
		src\Services\Catalogs\watch.Dockerfile = src\Services\Catalogs\watch.Dockerfile
	EndProjectSection
EndProject
Project("{FAE04EC0-301F-11D3-BF4B-00C04F79EFBC}") = "FoodDelivery.Services.Catalogs", "src\Services\Catalogs\FoodDelivery.Services.Catalogs\FoodDelivery.Services.Catalogs.csproj", "{29F852AA-A5C1-0E65-6DC3-795E88A102EE}"
EndProject
Project("{FAE04EC0-301F-11D3-BF4B-00C04F79EFBC}") = "FoodDelivery.Services.Catalogs.Api", "src\Services\Catalogs\FoodDelivery.Services.Catalogs.Api\FoodDelivery.Services.Catalogs.Api.csproj", "{E135AE1D-26C0-4424-8698-68B224565F85}"
EndProject
Project("{2150E333-8FDC-42A3-9474-1A3956D46DE8}") = "Customers", "Customers", "{B17E40F5-3860-4457-AEBE-2CB56E0D2A61}"
	ProjectSection(SolutionItems) = preProject
		src\Services\Customers\dev.Dockerfile = src\Services\Customers\dev.Dockerfile
		src\Services\Customers\Directory.Build.props = src\Services\Customers\Directory.Build.props
		src\Services\Customers\Dockerfile = src\Services\Customers\Dockerfile
		src\Services\Customers\migrations.bat = src\Services\Customers\migrations.bat
		src\Services\Customers\nuget.config = src\Services\Customers\nuget.config
		src\Services\Customers\watch.Dockerfile = src\Services\Customers\watch.Dockerfile
	EndProjectSection
EndProject
Project("{FAE04EC0-301F-11D3-BF4B-00C04F79EFBC}") = "FoodDelivery.Services.Customers", "src\Services\Customers\FoodDelivery.Services.Customers\FoodDelivery.Services.Customers.csproj", "{0F653714-9877-425F-900C-45171F92108D}"
EndProject
Project("{FAE04EC0-301F-11D3-BF4B-00C04F79EFBC}") = "FoodDelivery.Services.Customers.Api", "src\Services\Customers\FoodDelivery.Services.Customers.Api\FoodDelivery.Services.Customers.Api.csproj", "{00879B93-986C-4021-842F-BEBDA0657091}"
EndProject
Project("{2150E333-8FDC-42A3-9474-1A3956D46DE8}") = "Billing", "Billing", "{CC84784C-CD7D-4141-9A3E-B0C8181144A4}"
EndProject
Project("{FAE04EC0-301F-11D3-BF4B-00C04F79EFBC}") = "FoodDelivery.Services.Billing", "src\Services\Billing\FoodDelivery.Services.Billing\FoodDelivery.Services.Billing.csproj", "{AEE3F05C-4B05-4A2D-80D2-18ED84BE9551}"
EndProject
Project("{FAE04EC0-301F-11D3-BF4B-00C04F79EFBC}") = "FoodDelivery.Services.Billing.Api", "src\Services\Billing\FoodDelivery.Services.Billing.Api\FoodDelivery.Services.Billing.Api.csproj", "{781250D7-9286-443F-9507-D2E4223A4749}"
EndProject
Project("{2150E333-8FDC-42A3-9474-1A3956D46DE8}") = "Carts", "Carts", "{0CE0C99E-DF9D-47C5-B48B-2D0BDEF6ADAB}"
EndProject
Project("{FAE04EC0-301F-11D3-BF4B-00C04F79EFBC}") = "FoodDelivery.Services.Carts", "src\Services\Carts\FoodDelivery.Services.Carts\FoodDelivery.Services.Carts.csproj", "{705594AD-68B7-4739-AAB3-2F891391C645}"
EndProject
Project("{FAE04EC0-301F-11D3-BF4B-00C04F79EFBC}") = "FoodDelivery.Services.Carts.Api", "src\Services\Carts\FoodDelivery.Services.Carts.Api\FoodDelivery.Services.Carts.Api.csproj", "{E33979E1-3E0F-458E-9946-794C58802ED1}"
EndProject
Project("{2150E333-8FDC-42A3-9474-1A3956D46DE8}") = "Checkouts", "Checkouts", "{05772352-433B-44B6-BDDC-54A3A6E0A6C5}"
EndProject
Project("{FAE04EC0-301F-11D3-BF4B-00C04F79EFBC}") = "FoodDelivery.Services.Checkouts", "src\Services\Checkouts\FoodDelivery.Services.Checkouts\FoodDelivery.Services.Checkouts.csproj", "{086D607C-65C7-495E-BDB4-C06DD3D2C104}"
EndProject
Project("{FAE04EC0-301F-11D3-BF4B-00C04F79EFBC}") = "FoodDelivery.Services.Checkouts.Api", "src\Services\Checkouts\FoodDelivery.Services.Checkouts.Api\FoodDelivery.Services.Checkouts.Api.csproj", "{738963EB-5DF8-49F5-8D81-EA1FA0D1CEC4}"
EndProject
Project("{2150E333-8FDC-42A3-9474-1A3956D46DE8}") = "GroceryStores", "GroceryStores", "{0AB61C1F-3B78-48C0-9AA9-70A5353CA064}"
EndProject
Project("{FAE04EC0-301F-11D3-BF4B-00C04F79EFBC}") = "FoodDelivery.Services.GroceryStores", "src\Services\GroceryStores\FoodDelivery.Services.GroceryStores\FoodDelivery.Services.GroceryStores.csproj", "{83C9919F-0E0B-4696-8931-CEA9E8DAB8A7}"
EndProject
Project("{FAE04EC0-301F-11D3-BF4B-00C04F79EFBC}") = "FoodDelivery.Services.GroceryStores.Api", "src\Services\GroceryStores\FoodDelivery.Services.GroceryStores.Api\FoodDelivery.Services.GroceryStores.Api.csproj", "{539F4C90-864E-43ED-B0C0-DE7C81D114BC}"
EndProject
Project("{2150E333-8FDC-42A3-9474-1A3956D46DE8}") = "Pricing", "Pricing", "{0238506E-65DD-498C-9418-66368690A916}"
EndProject
Project("{FAE04EC0-301F-11D3-BF4B-00C04F79EFBC}") = "FoodDelivery.Services.Pricing", "src\Services\Pricing\FoodDelivery.Services.Pricing\FoodDelivery.Services.Pricing.csproj", "{329CEDC5-6E53-4B3F-BA11-3414A1344706}"
EndProject
Project("{FAE04EC0-301F-11D3-BF4B-00C04F79EFBC}") = "FoodDelivery.Services.Pricing.Api", "src\Services\Pricing\FoodDelivery.Services.Pricing.Api\FoodDelivery.Services.Pricing.Api.csproj", "{5EA04358-2375-4918-8BE4-BAB526C6BA93}"
EndProject
Project("{2150E333-8FDC-42A3-9474-1A3956D46DE8}") = "Recommendations", "Recommendations", "{0F99F9FB-4FD3-4C01-8E3D-F4EA76A599D4}"
EndProject
Project("{FAE04EC0-301F-11D3-BF4B-00C04F79EFBC}") = "FoodDelivery.Services.Recommendations", "src\Services\Recommendations\FoodDelivery.Services.Recommendations\FoodDelivery.Services.Recommendations.csproj", "{B39CF179-328C-4D29-ADD7-3BFAEDD0D532}"
EndProject
Project("{FAE04EC0-301F-11D3-BF4B-00C04F79EFBC}") = "FoodDelivery.Services.Recommendations.Api", "src\Services\Recommendations\FoodDelivery.Services.Recommendations.Api\FoodDelivery.Services.Recommendations.Api.csproj", "{123919B6-3F99-45FE-ACF4-2C1DDDDBD72C}"
EndProject
Project("{2150E333-8FDC-42A3-9474-1A3956D46DE8}") = "Restaurants", "Restaurants", "{548C1ABB-1056-473C-B05B-953FE8F86645}"
EndProject
Project("{FAE04EC0-301F-11D3-BF4B-00C04F79EFBC}") = "FoodDelivery.Services.Restaurants", "src\Services\Restaurants\FoodDelivery.Services.Restaurants\FoodDelivery.Services.Restaurants.csproj", "{6E05DF97-BC43-4F21-988A-F0C8F232FCC0}"
EndProject
Project("{FAE04EC0-301F-11D3-BF4B-00C04F79EFBC}") = "FoodDelivery.Services.Restaurants.Api", "src\Services\Restaurants\FoodDelivery.Services.Restaurants.Api\FoodDelivery.Services.Restaurants.Api.csproj", "{396BE24C-BB5F-434F-B380-3701AD6BD915}"
EndProject
Project("{2150E333-8FDC-42A3-9474-1A3956D46DE8}") = "Reviews", "Reviews", "{24625648-CEBB-4FB8-89DE-9D15B95D2C10}"
EndProject
Project("{FAE04EC0-301F-11D3-BF4B-00C04F79EFBC}") = "FoodDelivery.Services.Reviews", "src\Services\Reviews\FoodDelivery.Services.Reviews\FoodDelivery.Services.Reviews.csproj", "{2A7A4EA2-52DE-430C-A7C0-2C208F75CB69}"
EndProject
Project("{FAE04EC0-301F-11D3-BF4B-00C04F79EFBC}") = "FoodDelivery.Services.Reviews.Api", "src\Services\Reviews\FoodDelivery.Services.Reviews.Api\FoodDelivery.Services.Reviews.Api.csproj", "{62D0B65D-187F-43D9-9AFB-4BF1F99BFD5B}"
EndProject
Project("{2150E333-8FDC-42A3-9474-1A3956D46DE8}") = "Search", "Search", "{8C11D0D0-F537-477B-8C6A-65439A8352BC}"
EndProject
Project("{FAE04EC0-301F-11D3-BF4B-00C04F79EFBC}") = "FoodDelivery.Services.Search", "src\Services\Search\FoodDelivery.Services.Search\FoodDelivery.Services.Search.csproj", "{2B63A1BA-2025-46A6-8E16-27191D4C5DEC}"
EndProject
Project("{FAE04EC0-301F-11D3-BF4B-00C04F79EFBC}") = "FoodDelivery.Services.Search.Api", "src\Services\Search\FoodDelivery.Services.Search.Api\FoodDelivery.Services.Search.Api.csproj", "{F9A9C3E5-F355-4F2B-ABC3-D948624A52B7}"
EndProject
Project("{2150E333-8FDC-42A3-9474-1A3956D46DE8}") = "Shippings", "Shippings", "{92ABA9AB-4EEA-4D27-B70B-9CF69BB284AA}"
EndProject
Project("{FAE04EC0-301F-11D3-BF4B-00C04F79EFBC}") = "FoodDelivery.Services.Shippings", "src\Services\Shippings\FoodDelivery.Services.Shippings\FoodDelivery.Services.Shippings.csproj", "{6B9FF109-0F1C-45CC-ABAF-AF2C91E92736}"
EndProject
Project("{FAE04EC0-301F-11D3-BF4B-00C04F79EFBC}") = "FoodDelivery.Services.Shippings.Api", "src\Services\Shippings\FoodDelivery.Services.Shippings.Api\FoodDelivery.Services.Shippings.Api.csproj", "{40617092-A78E-4D98-80C0-D81127C7ADF1}"
EndProject
Project("{2150E333-8FDC-42A3-9474-1A3956D46DE8}") = "tests", "tests", "{6B358671-0754-48B5-A88B-5B53FBE25F22}"
	ProjectSection(SolutionItems) = preProject
		tests\Directory.Build.props = tests\Directory.Build.props
		tests\Directory.Packages.props = tests\Directory.Packages.props
	EndProjectSection
EndProject
Project("{2150E333-8FDC-42A3-9474-1A3956D46DE8}") = "Shared", "Shared", "{DEA10F37-9F93-495B-97DF-C7BD0DF97010}"
EndProject
Project("{FAE04EC0-301F-11D3-BF4B-00C04F79EFBC}") = "Tests.Shared", "tests\Shared\Tests.Shared\Tests.Shared.csproj", "{5190200E-8E49-40E7-A4E0-B77243B83187}"
EndProject
Project("{2150E333-8FDC-42A3-9474-1A3956D46DE8}") = "BuildingBlocks", "BuildingBlocks", "{9D6CBA4B-B265-4928-8320-3C3450B752A8}"
EndProject
Project("{2150E333-8FDC-42A3-9474-1A3956D46DE8}") = "Core", "Core", "{93BC2D07-04C7-44E9-94CB-BDACC368E280}"
EndProject
Project("{FAE04EC0-301F-11D3-BF4B-00C04F79EFBC}") = "BuildingBlocks.Core.UnitTests", "tests\BuildingBlocks\Core\BuildingBlocks.Core.UnitTests\BuildingBlocks.Core.UnitTests.csproj", "{1A069D93-A456-4A3A-BD0E-CFD470E926EE}"
EndProject
Project("{2150E333-8FDC-42A3-9474-1A3956D46DE8}") = "EventStoreDb", "EventStoreDb", "{13937D21-2F3C-44F8-98F0-91C4839546F8}"
EndProject
Project("{FAE04EC0-301F-11D3-BF4B-00C04F79EFBC}") = "BuildingBlocks.Persistence.EventStoreDB.IntegrationTests", "tests\BuildingBlocks\EventStoreDB\BuildingBlocks.Persistence.EventStoreDB.IntegrationTests\BuildingBlocks.Persistence.EventStoreDB.IntegrationTests.csproj", "{96D55D6F-A7AA-4B10-AA1E-FEC9DEAC9436}"
EndProject
Project("{2150E333-8FDC-42A3-9474-1A3956D46DE8}") = "Marten", "Marten", "{6B9D6490-864A-4D99-977A-A791D20AFD19}"
EndProject
Project("{FAE04EC0-301F-11D3-BF4B-00C04F79EFBC}") = "BuildingBlocks.Persistence.Marten.IntegrationTests", "tests\BuildingBlocks\Marten\BuildingBlocks.Persistence.Marten.IntegrationTests\BuildingBlocks.Persistence.Marten.IntegrationTests.csproj", "{C60F3683-2E53-4BAC-A657-538621B5A8A5}"
EndProject
Project("{2150E333-8FDC-42A3-9474-1A3956D46DE8}") = "MassTransit", "MassTransit", "{6C9EC04F-D0AA-439C-90CB-B8F285B04B9F}"
EndProject
Project("{FAE04EC0-301F-11D3-BF4B-00C04F79EFBC}") = "BuildingBlocks.Integration.MassTransit.IntegrationTests", "tests\BuildingBlocks\MassTransit\BuildingBlocks.Integration.MassTransit.IntegrationTests\BuildingBlocks.Integration.MassTransit.IntegrationTests.csproj", "{154DAD17-18F4-4925-A223-F1C888C85221}"
EndProject
Project("{2150E333-8FDC-42A3-9474-1A3956D46DE8}") = "Services", "Services", "{E03DB862-0D76-4BCD-85BC-19C4CF14B539}"
EndProject
Project("{2150E333-8FDC-42A3-9474-1A3956D46DE8}") = "Catalogs", "Catalogs", "{6CCE5B4E-21CA-40DC-A019-72BF98EE335B}"
EndProject
Project("{FAE04EC0-301F-11D3-BF4B-00C04F79EFBC}") = "FoodDelivery.Services.Catalogs.TestShared", "tests\Services\Catalogs\FoodDelivery.Services.Catalogs.TestShared\FoodDelivery.Services.Catalogs.TestShared.csproj", "{5CF10610-123C-4747-9ED1-D345633EFB40}"
EndProject
Project("{FAE04EC0-301F-11D3-BF4B-00C04F79EFBC}") = "FoodDelivery.Services.Catalogs.DependencyTests", "tests\Services\Catalogs\FoodDelivery.Services.Catalogs.DependencyTests\FoodDelivery.Services.Catalogs.DependencyTests.csproj", "{E7FF2212-5129-45D6-9F7D-A9612B6ED410}"
EndProject
Project("{FAE04EC0-301F-11D3-BF4B-00C04F79EFBC}") = "FoodDelivery.Services.Catalogs.EndToEndTests", "tests\Services\Catalogs\FoodDelivery.Services.Catalogs.EndToEndTests\FoodDelivery.Services.Catalogs.EndToEndTests.csproj", "{C9281BAA-538D-4C06-A456-B990A0144E59}"
EndProject
Project("{FAE04EC0-301F-11D3-BF4B-00C04F79EFBC}") = "FoodDelivery.Services.Catalogs.IntegrationTests", "tests\Services\Catalogs\FoodDelivery.Services.Catalogs.IntegrationTests\FoodDelivery.Services.Catalogs.IntegrationTests.csproj", "{A30014E5-3821-45E3-A808-295CE1170017}"
EndProject
Project("{FAE04EC0-301F-11D3-BF4B-00C04F79EFBC}") = "FoodDelivery.Services.Catalogs.LoadTests", "tests\Services\Catalogs\FoodDelivery.Services.Catalogs.LoadTests\FoodDelivery.Services.Catalogs.LoadTests.csproj", "{A58FFEB4-D041-457C-81CF-48BF175F698C}"
EndProject
Project("{FAE04EC0-301F-11D3-BF4B-00C04F79EFBC}") = "FoodDelivery.Services.Catalogs.UnitTests", "tests\Services\Catalogs\FoodDelivery.Services.Catalogs.UnitTests\FoodDelivery.Services.Catalogs.UnitTests.csproj", "{C55695CB-3FF1-4952-91D6-ADADDDFA365F}"
EndProject
Project("{2150E333-8FDC-42A3-9474-1A3956D46DE8}") = "Customers", "Customers", "{B8FE53CE-F480-4CA3-8D63-2BC65E6F1374}"
EndProject
Project("{FAE04EC0-301F-11D3-BF4B-00C04F79EFBC}") = "FoodDelivery.Services.Customers.TestShared", "tests\Services\Customers\FoodDelivery.Services.Customers.TestShared\FoodDelivery.Services.Customers.TestShared.csproj", "{A804685F-E64F-4C7E-91CB-0693826BEBA6}"
EndProject
Project("{FAE04EC0-301F-11D3-BF4B-00C04F79EFBC}") = "FoodDelivery.Services.Customers.DependencyTests", "tests\Services\Customers\FoodDelivery.Services.Customers.DependencyTests\FoodDelivery.Services.Customers.DependencyTests.csproj", "{CE127797-D5B2-42E5-9441-F5CCDCC83A4D}"
EndProject
Project("{FAE04EC0-301F-11D3-BF4B-00C04F79EFBC}") = "FoodDelivery.Services.Customers.EndToEndTests", "tests\Services\Customers\FoodDelivery.Services.Customers.EndToEndTests\FoodDelivery.Services.Customers.EndToEndTests.csproj", "{D243FFAB-19AB-4D78-96C5-61A4F3247DCC}"
EndProject
Project("{FAE04EC0-301F-11D3-BF4B-00C04F79EFBC}") = "FoodDelivery.Services.Customers.IntegrationTests", "tests\Services\Customers\FoodDelivery.Services.Customers.IntegrationTests\FoodDelivery.Services.Customers.IntegrationTests.csproj", "{5115792D-2B55-4237-88C0-7C8096F89690}"
EndProject
Project("{FAE04EC0-301F-11D3-BF4B-00C04F79EFBC}") = "FoodDelivery.Services.Customers.LoadTests", "tests\Services\Customers\FoodDelivery.Services.Customers.LoadTests\FoodDelivery.Services.Customers.LoadTests.csproj", "{29549BBA-89BA-4D2E-AC4E-CBFF78B30214}"
EndProject
Project("{FAE04EC0-301F-11D3-BF4B-00C04F79EFBC}") = "FoodDelivery.Services.Customers.UnitTests", "tests\Services\Customers\FoodDelivery.Services.Customers.UnitTests\FoodDelivery.Services.Customers.UnitTests.csproj", "{3B8E14E5-615C-474F-8ED2-43518DF2584D}"
EndProject
Project("{2150E333-8FDC-42A3-9474-1A3956D46DE8}") = "Identity", "Identity", "{67EDBD94-8E94-4314-9482-AF521A4814B8}"
EndProject
Project("{FAE04EC0-301F-11D3-BF4B-00C04F79EFBC}") = "FoodDelivery.Services.Identity.TestShared", "tests\Services\Identity\FoodDelivery.Services.Identity.TestShared\FoodDelivery.Services.Identity.TestShared.csproj", "{679B9F08-1AF0-41BA-9491-7D7DFEBBAD55}"
EndProject
Project("{FAE04EC0-301F-11D3-BF4B-00C04F79EFBC}") = "FoodDelivery.Services.Identity.DependencyTests", "tests\Services\Identity\FoodDelivery.Services.Identity.DependencyTests\FoodDelivery.Services.Identity.DependencyTests.csproj", "{B079C7DF-DA59-4C4D-98B2-CE3920948B00}"
EndProject
Project("{FAE04EC0-301F-11D3-BF4B-00C04F79EFBC}") = "FoodDelivery.Services.Identity.EndToEndTests", "tests\Services\Identity\FoodDelivery.Services.Identity.EndToEndTests\FoodDelivery.Services.Identity.EndToEndTests.csproj", "{01B9ACF9-D827-4248-A715-B34406B43548}"
EndProject
Project("{FAE04EC0-301F-11D3-BF4B-00C04F79EFBC}") = "FoodDelivery.Services.Identity.IntegrationTests", "tests\Services\Identity\FoodDelivery.Services.Identity.IntegrationTests\FoodDelivery.Services.Identity.IntegrationTests.csproj", "{7A08EF71-B816-44F2-9C9D-19328CBE227E}"
EndProject
Project("{FAE04EC0-301F-11D3-BF4B-00C04F79EFBC}") = "FoodDelivery.Services.Identity.UnitTests", "tests\Services\Identity\FoodDelivery.Services.Identity.UnitTests\FoodDelivery.Services.Identity.UnitTests.csproj", "{A6EB957E-633C-4806-A2E4-DB2A2EE9A3C0}"
EndProject
Global
	GlobalSection(SolutionConfigurationPlatforms) = preSolution
		Debug|Any CPU = Debug|Any CPU
		Release|Any CPU = Release|Any CPU
	EndGlobalSection
	GlobalSection(ProjectConfigurationPlatforms) = postSolution
		{0CE2992B-6E44-43DD-88CA-F372A98CD64C}.Debug|Any CPU.ActiveCfg = Debug|Any CPU
		{0CE2992B-6E44-43DD-88CA-F372A98CD64C}.Debug|Any CPU.Build.0 = Debug|Any CPU
		{0CE2992B-6E44-43DD-88CA-F372A98CD64C}.Release|Any CPU.ActiveCfg = Release|Any CPU
		{0CE2992B-6E44-43DD-88CA-F372A98CD64C}.Release|Any CPU.Build.0 = Release|Any CPU
		{5744DD38-2707-4F30-B03C-41ECDF69F493}.Debug|Any CPU.ActiveCfg = Debug|Any CPU
		{5744DD38-2707-4F30-B03C-41ECDF69F493}.Debug|Any CPU.Build.0 = Debug|Any CPU
		{5744DD38-2707-4F30-B03C-41ECDF69F493}.Release|Any CPU.ActiveCfg = Release|Any CPU
		{5744DD38-2707-4F30-B03C-41ECDF69F493}.Release|Any CPU.Build.0 = Release|Any CPU
		{73DF2F1C-D3CC-4778-B55E-75C4264E0BA8}.Debug|Any CPU.ActiveCfg = Debug|Any CPU
		{73DF2F1C-D3CC-4778-B55E-75C4264E0BA8}.Debug|Any CPU.Build.0 = Debug|Any CPU
		{73DF2F1C-D3CC-4778-B55E-75C4264E0BA8}.Release|Any CPU.ActiveCfg = Release|Any CPU
		{73DF2F1C-D3CC-4778-B55E-75C4264E0BA8}.Release|Any CPU.Build.0 = Release|Any CPU
		{08D714BF-0027-4A23-A8B8-58E36A5BC593}.Debug|Any CPU.ActiveCfg = Debug|Any CPU
		{08D714BF-0027-4A23-A8B8-58E36A5BC593}.Debug|Any CPU.Build.0 = Debug|Any CPU
		{08D714BF-0027-4A23-A8B8-58E36A5BC593}.Release|Any CPU.ActiveCfg = Release|Any CPU
		{08D714BF-0027-4A23-A8B8-58E36A5BC593}.Release|Any CPU.Build.0 = Release|Any CPU
		{94FC34E4-7839-4DB8-9095-27EF23E811A0}.Debug|Any CPU.ActiveCfg = Debug|Any CPU
		{94FC34E4-7839-4DB8-9095-27EF23E811A0}.Debug|Any CPU.Build.0 = Debug|Any CPU
		{94FC34E4-7839-4DB8-9095-27EF23E811A0}.Release|Any CPU.ActiveCfg = Release|Any CPU
		{94FC34E4-7839-4DB8-9095-27EF23E811A0}.Release|Any CPU.Build.0 = Release|Any CPU
		{24E1D6A3-DB4E-4AD9-9735-05F644252891}.Debug|Any CPU.ActiveCfg = Debug|Any CPU
		{24E1D6A3-DB4E-4AD9-9735-05F644252891}.Debug|Any CPU.Build.0 = Debug|Any CPU
		{24E1D6A3-DB4E-4AD9-9735-05F644252891}.Release|Any CPU.ActiveCfg = Release|Any CPU
		{24E1D6A3-DB4E-4AD9-9735-05F644252891}.Release|Any CPU.Build.0 = Release|Any CPU
		{31BFA849-04AB-4440-BACC-44BAF4572D89}.Debug|Any CPU.ActiveCfg = Debug|Any CPU
		{31BFA849-04AB-4440-BACC-44BAF4572D89}.Debug|Any CPU.Build.0 = Debug|Any CPU
		{31BFA849-04AB-4440-BACC-44BAF4572D89}.Release|Any CPU.ActiveCfg = Release|Any CPU
		{31BFA849-04AB-4440-BACC-44BAF4572D89}.Release|Any CPU.Build.0 = Release|Any CPU
		{D0A7DCD7-AB55-4920-B735-CCA26BD2B091}.Debug|Any CPU.ActiveCfg = Debug|Any CPU
		{D0A7DCD7-AB55-4920-B735-CCA26BD2B091}.Debug|Any CPU.Build.0 = Debug|Any CPU
		{D0A7DCD7-AB55-4920-B735-CCA26BD2B091}.Release|Any CPU.ActiveCfg = Release|Any CPU
		{D0A7DCD7-AB55-4920-B735-CCA26BD2B091}.Release|Any CPU.Build.0 = Release|Any CPU
		{F6C08F17-529C-4F2D-BDBB-0C37BD8D2625}.Debug|Any CPU.ActiveCfg = Debug|Any CPU
		{F6C08F17-529C-4F2D-BDBB-0C37BD8D2625}.Debug|Any CPU.Build.0 = Debug|Any CPU
		{F6C08F17-529C-4F2D-BDBB-0C37BD8D2625}.Release|Any CPU.ActiveCfg = Release|Any CPU
		{F6C08F17-529C-4F2D-BDBB-0C37BD8D2625}.Release|Any CPU.Build.0 = Release|Any CPU
		{5AC37F7A-E735-4A37-9962-809DB23771AD}.Debug|Any CPU.ActiveCfg = Debug|Any CPU
		{5AC37F7A-E735-4A37-9962-809DB23771AD}.Debug|Any CPU.Build.0 = Debug|Any CPU
		{5AC37F7A-E735-4A37-9962-809DB23771AD}.Release|Any CPU.ActiveCfg = Release|Any CPU
		{5AC37F7A-E735-4A37-9962-809DB23771AD}.Release|Any CPU.Build.0 = Release|Any CPU
		{80EBC22E-F517-43C6-AE5E-D226206C960E}.Debug|Any CPU.ActiveCfg = Debug|Any CPU
		{80EBC22E-F517-43C6-AE5E-D226206C960E}.Debug|Any CPU.Build.0 = Debug|Any CPU
		{80EBC22E-F517-43C6-AE5E-D226206C960E}.Release|Any CPU.ActiveCfg = Release|Any CPU
		{80EBC22E-F517-43C6-AE5E-D226206C960E}.Release|Any CPU.Build.0 = Release|Any CPU
		{2CBEA687-B204-4EF8-8869-0212C10C162B}.Debug|Any CPU.ActiveCfg = Debug|Any CPU
		{2CBEA687-B204-4EF8-8869-0212C10C162B}.Debug|Any CPU.Build.0 = Debug|Any CPU
		{2CBEA687-B204-4EF8-8869-0212C10C162B}.Release|Any CPU.ActiveCfg = Release|Any CPU
		{2CBEA687-B204-4EF8-8869-0212C10C162B}.Release|Any CPU.Build.0 = Release|Any CPU
		{E4EE7827-987C-47AD-993C-A435EBC8B238}.Debug|Any CPU.ActiveCfg = Debug|Any CPU
		{E4EE7827-987C-47AD-993C-A435EBC8B238}.Debug|Any CPU.Build.0 = Debug|Any CPU
		{E4EE7827-987C-47AD-993C-A435EBC8B238}.Release|Any CPU.ActiveCfg = Release|Any CPU
		{E4EE7827-987C-47AD-993C-A435EBC8B238}.Release|Any CPU.Build.0 = Release|Any CPU
		{A8A0DADD-29B0-4675-BA94-4E9F57B6305C}.Debug|Any CPU.ActiveCfg = Debug|Any CPU
		{A8A0DADD-29B0-4675-BA94-4E9F57B6305C}.Debug|Any CPU.Build.0 = Debug|Any CPU
		{A8A0DADD-29B0-4675-BA94-4E9F57B6305C}.Release|Any CPU.ActiveCfg = Release|Any CPU
		{A8A0DADD-29B0-4675-BA94-4E9F57B6305C}.Release|Any CPU.Build.0 = Release|Any CPU
		{092E0643-7828-4823-8F35-3E667E27F01E}.Debug|Any CPU.ActiveCfg = Debug|Any CPU
		{092E0643-7828-4823-8F35-3E667E27F01E}.Debug|Any CPU.Build.0 = Debug|Any CPU
		{092E0643-7828-4823-8F35-3E667E27F01E}.Release|Any CPU.ActiveCfg = Release|Any CPU
		{092E0643-7828-4823-8F35-3E667E27F01E}.Release|Any CPU.Build.0 = Release|Any CPU
		{04BF9D44-8AFE-4B5F-AE84-93916C2A375A}.Debug|Any CPU.ActiveCfg = Debug|Any CPU
		{04BF9D44-8AFE-4B5F-AE84-93916C2A375A}.Debug|Any CPU.Build.0 = Debug|Any CPU
		{04BF9D44-8AFE-4B5F-AE84-93916C2A375A}.Release|Any CPU.ActiveCfg = Release|Any CPU
		{04BF9D44-8AFE-4B5F-AE84-93916C2A375A}.Release|Any CPU.Build.0 = Release|Any CPU
		{1841564E-25D6-4432-B9E2-295B8F78750B}.Debug|Any CPU.ActiveCfg = Debug|Any CPU
		{1841564E-25D6-4432-B9E2-295B8F78750B}.Debug|Any CPU.Build.0 = Debug|Any CPU
		{1841564E-25D6-4432-B9E2-295B8F78750B}.Release|Any CPU.ActiveCfg = Release|Any CPU
		{1841564E-25D6-4432-B9E2-295B8F78750B}.Release|Any CPU.Build.0 = Release|Any CPU
		{801D2D4B-DB40-4829-80F2-0C26AE31FC2B}.Debug|Any CPU.ActiveCfg = Debug|Any CPU
		{801D2D4B-DB40-4829-80F2-0C26AE31FC2B}.Debug|Any CPU.Build.0 = Debug|Any CPU
		{801D2D4B-DB40-4829-80F2-0C26AE31FC2B}.Release|Any CPU.ActiveCfg = Release|Any CPU
		{801D2D4B-DB40-4829-80F2-0C26AE31FC2B}.Release|Any CPU.Build.0 = Release|Any CPU
		{C775746B-BBE8-44C5-AD4E-D3C67033BDFC}.Debug|Any CPU.ActiveCfg = Debug|Any CPU
		{C775746B-BBE8-44C5-AD4E-D3C67033BDFC}.Debug|Any CPU.Build.0 = Debug|Any CPU
		{C775746B-BBE8-44C5-AD4E-D3C67033BDFC}.Release|Any CPU.ActiveCfg = Release|Any CPU
		{C775746B-BBE8-44C5-AD4E-D3C67033BDFC}.Release|Any CPU.Build.0 = Release|Any CPU
		{865C39C1-9D87-472E-B92D-B3B87404EB83}.Debug|Any CPU.ActiveCfg = Debug|Any CPU
		{865C39C1-9D87-472E-B92D-B3B87404EB83}.Debug|Any CPU.Build.0 = Debug|Any CPU
		{865C39C1-9D87-472E-B92D-B3B87404EB83}.Release|Any CPU.ActiveCfg = Release|Any CPU
		{865C39C1-9D87-472E-B92D-B3B87404EB83}.Release|Any CPU.Build.0 = Release|Any CPU
		{C07BA866-AC99-4408-80F0-97030EF31F0F}.Debug|Any CPU.ActiveCfg = Debug|Any CPU
		{C07BA866-AC99-4408-80F0-97030EF31F0F}.Debug|Any CPU.Build.0 = Debug|Any CPU
		{C07BA866-AC99-4408-80F0-97030EF31F0F}.Release|Any CPU.ActiveCfg = Release|Any CPU
		{C07BA866-AC99-4408-80F0-97030EF31F0F}.Release|Any CPU.Build.0 = Release|Any CPU
		{9C0DF32A-1D6C-495B-B7AA-D1F72D2FCF39}.Debug|Any CPU.ActiveCfg = Debug|Any CPU
		{9C0DF32A-1D6C-495B-B7AA-D1F72D2FCF39}.Debug|Any CPU.Build.0 = Debug|Any CPU
		{9C0DF32A-1D6C-495B-B7AA-D1F72D2FCF39}.Release|Any CPU.ActiveCfg = Release|Any CPU
		{9C0DF32A-1D6C-495B-B7AA-D1F72D2FCF39}.Release|Any CPU.Build.0 = Release|Any CPU
		{97BD62F2-D1FE-4FA5-A5DE-18C95C742C70}.Debug|Any CPU.ActiveCfg = Debug|Any CPU
		{97BD62F2-D1FE-4FA5-A5DE-18C95C742C70}.Debug|Any CPU.Build.0 = Debug|Any CPU
		{97BD62F2-D1FE-4FA5-A5DE-18C95C742C70}.Release|Any CPU.ActiveCfg = Release|Any CPU
		{97BD62F2-D1FE-4FA5-A5DE-18C95C742C70}.Release|Any CPU.Build.0 = Release|Any CPU
		{0B77F88F-F17E-4782-80D7-99601765081C}.Debug|Any CPU.ActiveCfg = Debug|Any CPU
		{0B77F88F-F17E-4782-80D7-99601765081C}.Debug|Any CPU.Build.0 = Debug|Any CPU
		{0B77F88F-F17E-4782-80D7-99601765081C}.Release|Any CPU.ActiveCfg = Release|Any CPU
		{0B77F88F-F17E-4782-80D7-99601765081C}.Release|Any CPU.Build.0 = Release|Any CPU
		{7C943D5A-69D5-4D5F-AE24-5A470E25B3AC}.Debug|Any CPU.ActiveCfg = Debug|Any CPU
		{7C943D5A-69D5-4D5F-AE24-5A470E25B3AC}.Debug|Any CPU.Build.0 = Debug|Any CPU
		{7C943D5A-69D5-4D5F-AE24-5A470E25B3AC}.Release|Any CPU.ActiveCfg = Release|Any CPU
		{7C943D5A-69D5-4D5F-AE24-5A470E25B3AC}.Release|Any CPU.Build.0 = Release|Any CPU
		{29F852AA-A5C1-0E65-6DC3-795E88A102EE}.Debug|Any CPU.ActiveCfg = Debug|Any CPU
		{29F852AA-A5C1-0E65-6DC3-795E88A102EE}.Debug|Any CPU.Build.0 = Debug|Any CPU
		{29F852AA-A5C1-0E65-6DC3-795E88A102EE}.Release|Any CPU.ActiveCfg = Release|Any CPU
		{29F852AA-A5C1-0E65-6DC3-795E88A102EE}.Release|Any CPU.Build.0 = Release|Any CPU
		{E135AE1D-26C0-4424-8698-68B224565F85}.Debug|Any CPU.ActiveCfg = Debug|Any CPU
		{E135AE1D-26C0-4424-8698-68B224565F85}.Debug|Any CPU.Build.0 = Debug|Any CPU
		{E135AE1D-26C0-4424-8698-68B224565F85}.Release|Any CPU.ActiveCfg = Release|Any CPU
		{E135AE1D-26C0-4424-8698-68B224565F85}.Release|Any CPU.Build.0 = Release|Any CPU
		{0F653714-9877-425F-900C-45171F92108D}.Debug|Any CPU.ActiveCfg = Debug|Any CPU
		{0F653714-9877-425F-900C-45171F92108D}.Debug|Any CPU.Build.0 = Debug|Any CPU
		{0F653714-9877-425F-900C-45171F92108D}.Release|Any CPU.ActiveCfg = Release|Any CPU
		{0F653714-9877-425F-900C-45171F92108D}.Release|Any CPU.Build.0 = Release|Any CPU
		{00879B93-986C-4021-842F-BEBDA0657091}.Debug|Any CPU.ActiveCfg = Debug|Any CPU
		{00879B93-986C-4021-842F-BEBDA0657091}.Debug|Any CPU.Build.0 = Debug|Any CPU
		{00879B93-986C-4021-842F-BEBDA0657091}.Release|Any CPU.ActiveCfg = Release|Any CPU
		{00879B93-986C-4021-842F-BEBDA0657091}.Release|Any CPU.Build.0 = Release|Any CPU
		{AEE3F05C-4B05-4A2D-80D2-18ED84BE9551}.Debug|Any CPU.ActiveCfg = Debug|Any CPU
		{AEE3F05C-4B05-4A2D-80D2-18ED84BE9551}.Debug|Any CPU.Build.0 = Debug|Any CPU
		{AEE3F05C-4B05-4A2D-80D2-18ED84BE9551}.Release|Any CPU.ActiveCfg = Release|Any CPU
		{AEE3F05C-4B05-4A2D-80D2-18ED84BE9551}.Release|Any CPU.Build.0 = Release|Any CPU
		{781250D7-9286-443F-9507-D2E4223A4749}.Debug|Any CPU.ActiveCfg = Debug|Any CPU
		{781250D7-9286-443F-9507-D2E4223A4749}.Debug|Any CPU.Build.0 = Debug|Any CPU
		{781250D7-9286-443F-9507-D2E4223A4749}.Release|Any CPU.ActiveCfg = Release|Any CPU
		{781250D7-9286-443F-9507-D2E4223A4749}.Release|Any CPU.Build.0 = Release|Any CPU
		{705594AD-68B7-4739-AAB3-2F891391C645}.Debug|Any CPU.ActiveCfg = Debug|Any CPU
		{705594AD-68B7-4739-AAB3-2F891391C645}.Debug|Any CPU.Build.0 = Debug|Any CPU
		{705594AD-68B7-4739-AAB3-2F891391C645}.Release|Any CPU.ActiveCfg = Release|Any CPU
		{705594AD-68B7-4739-AAB3-2F891391C645}.Release|Any CPU.Build.0 = Release|Any CPU
		{E33979E1-3E0F-458E-9946-794C58802ED1}.Debug|Any CPU.ActiveCfg = Debug|Any CPU
		{E33979E1-3E0F-458E-9946-794C58802ED1}.Debug|Any CPU.Build.0 = Debug|Any CPU
		{E33979E1-3E0F-458E-9946-794C58802ED1}.Release|Any CPU.ActiveCfg = Release|Any CPU
		{E33979E1-3E0F-458E-9946-794C58802ED1}.Release|Any CPU.Build.0 = Release|Any CPU
		{086D607C-65C7-495E-BDB4-C06DD3D2C104}.Debug|Any CPU.ActiveCfg = Debug|Any CPU
		{086D607C-65C7-495E-BDB4-C06DD3D2C104}.Debug|Any CPU.Build.0 = Debug|Any CPU
		{086D607C-65C7-495E-BDB4-C06DD3D2C104}.Release|Any CPU.ActiveCfg = Release|Any CPU
		{086D607C-65C7-495E-BDB4-C06DD3D2C104}.Release|Any CPU.Build.0 = Release|Any CPU
		{738963EB-5DF8-49F5-8D81-EA1FA0D1CEC4}.Debug|Any CPU.ActiveCfg = Debug|Any CPU
		{738963EB-5DF8-49F5-8D81-EA1FA0D1CEC4}.Debug|Any CPU.Build.0 = Debug|Any CPU
		{738963EB-5DF8-49F5-8D81-EA1FA0D1CEC4}.Release|Any CPU.ActiveCfg = Release|Any CPU
		{738963EB-5DF8-49F5-8D81-EA1FA0D1CEC4}.Release|Any CPU.Build.0 = Release|Any CPU
		{83C9919F-0E0B-4696-8931-CEA9E8DAB8A7}.Debug|Any CPU.ActiveCfg = Debug|Any CPU
		{83C9919F-0E0B-4696-8931-CEA9E8DAB8A7}.Debug|Any CPU.Build.0 = Debug|Any CPU
		{83C9919F-0E0B-4696-8931-CEA9E8DAB8A7}.Release|Any CPU.ActiveCfg = Release|Any CPU
		{83C9919F-0E0B-4696-8931-CEA9E8DAB8A7}.Release|Any CPU.Build.0 = Release|Any CPU
		{539F4C90-864E-43ED-B0C0-DE7C81D114BC}.Debug|Any CPU.ActiveCfg = Debug|Any CPU
		{539F4C90-864E-43ED-B0C0-DE7C81D114BC}.Debug|Any CPU.Build.0 = Debug|Any CPU
		{539F4C90-864E-43ED-B0C0-DE7C81D114BC}.Release|Any CPU.ActiveCfg = Release|Any CPU
		{539F4C90-864E-43ED-B0C0-DE7C81D114BC}.Release|Any CPU.Build.0 = Release|Any CPU
		{329CEDC5-6E53-4B3F-BA11-3414A1344706}.Debug|Any CPU.ActiveCfg = Debug|Any CPU
		{329CEDC5-6E53-4B3F-BA11-3414A1344706}.Debug|Any CPU.Build.0 = Debug|Any CPU
		{329CEDC5-6E53-4B3F-BA11-3414A1344706}.Release|Any CPU.ActiveCfg = Release|Any CPU
		{329CEDC5-6E53-4B3F-BA11-3414A1344706}.Release|Any CPU.Build.0 = Release|Any CPU
		{5EA04358-2375-4918-8BE4-BAB526C6BA93}.Debug|Any CPU.ActiveCfg = Debug|Any CPU
		{5EA04358-2375-4918-8BE4-BAB526C6BA93}.Debug|Any CPU.Build.0 = Debug|Any CPU
		{5EA04358-2375-4918-8BE4-BAB526C6BA93}.Release|Any CPU.ActiveCfg = Release|Any CPU
		{5EA04358-2375-4918-8BE4-BAB526C6BA93}.Release|Any CPU.Build.0 = Release|Any CPU
		{B39CF179-328C-4D29-ADD7-3BFAEDD0D532}.Debug|Any CPU.ActiveCfg = Debug|Any CPU
		{B39CF179-328C-4D29-ADD7-3BFAEDD0D532}.Debug|Any CPU.Build.0 = Debug|Any CPU
		{B39CF179-328C-4D29-ADD7-3BFAEDD0D532}.Release|Any CPU.ActiveCfg = Release|Any CPU
		{B39CF179-328C-4D29-ADD7-3BFAEDD0D532}.Release|Any CPU.Build.0 = Release|Any CPU
		{123919B6-3F99-45FE-ACF4-2C1DDDDBD72C}.Debug|Any CPU.ActiveCfg = Debug|Any CPU
		{123919B6-3F99-45FE-ACF4-2C1DDDDBD72C}.Debug|Any CPU.Build.0 = Debug|Any CPU
		{123919B6-3F99-45FE-ACF4-2C1DDDDBD72C}.Release|Any CPU.ActiveCfg = Release|Any CPU
		{123919B6-3F99-45FE-ACF4-2C1DDDDBD72C}.Release|Any CPU.Build.0 = Release|Any CPU
		{6E05DF97-BC43-4F21-988A-F0C8F232FCC0}.Debug|Any CPU.ActiveCfg = Debug|Any CPU
		{6E05DF97-BC43-4F21-988A-F0C8F232FCC0}.Debug|Any CPU.Build.0 = Debug|Any CPU
		{6E05DF97-BC43-4F21-988A-F0C8F232FCC0}.Release|Any CPU.ActiveCfg = Release|Any CPU
		{6E05DF97-BC43-4F21-988A-F0C8F232FCC0}.Release|Any CPU.Build.0 = Release|Any CPU
		{396BE24C-BB5F-434F-B380-3701AD6BD915}.Debug|Any CPU.ActiveCfg = Debug|Any CPU
		{396BE24C-BB5F-434F-B380-3701AD6BD915}.Debug|Any CPU.Build.0 = Debug|Any CPU
		{396BE24C-BB5F-434F-B380-3701AD6BD915}.Release|Any CPU.ActiveCfg = Release|Any CPU
		{396BE24C-BB5F-434F-B380-3701AD6BD915}.Release|Any CPU.Build.0 = Release|Any CPU
		{2A7A4EA2-52DE-430C-A7C0-2C208F75CB69}.Debug|Any CPU.ActiveCfg = Debug|Any CPU
		{2A7A4EA2-52DE-430C-A7C0-2C208F75CB69}.Debug|Any CPU.Build.0 = Debug|Any CPU
		{2A7A4EA2-52DE-430C-A7C0-2C208F75CB69}.Release|Any CPU.ActiveCfg = Release|Any CPU
		{2A7A4EA2-52DE-430C-A7C0-2C208F75CB69}.Release|Any CPU.Build.0 = Release|Any CPU
		{62D0B65D-187F-43D9-9AFB-4BF1F99BFD5B}.Debug|Any CPU.ActiveCfg = Debug|Any CPU
		{62D0B65D-187F-43D9-9AFB-4BF1F99BFD5B}.Debug|Any CPU.Build.0 = Debug|Any CPU
		{62D0B65D-187F-43D9-9AFB-4BF1F99BFD5B}.Release|Any CPU.ActiveCfg = Release|Any CPU
		{62D0B65D-187F-43D9-9AFB-4BF1F99BFD5B}.Release|Any CPU.Build.0 = Release|Any CPU
		{2B63A1BA-2025-46A6-8E16-27191D4C5DEC}.Debug|Any CPU.ActiveCfg = Debug|Any CPU
		{2B63A1BA-2025-46A6-8E16-27191D4C5DEC}.Debug|Any CPU.Build.0 = Debug|Any CPU
		{2B63A1BA-2025-46A6-8E16-27191D4C5DEC}.Release|Any CPU.ActiveCfg = Release|Any CPU
		{2B63A1BA-2025-46A6-8E16-27191D4C5DEC}.Release|Any CPU.Build.0 = Release|Any CPU
		{F9A9C3E5-F355-4F2B-ABC3-D948624A52B7}.Debug|Any CPU.ActiveCfg = Debug|Any CPU
		{F9A9C3E5-F355-4F2B-ABC3-D948624A52B7}.Debug|Any CPU.Build.0 = Debug|Any CPU
		{F9A9C3E5-F355-4F2B-ABC3-D948624A52B7}.Release|Any CPU.ActiveCfg = Release|Any CPU
		{F9A9C3E5-F355-4F2B-ABC3-D948624A52B7}.Release|Any CPU.Build.0 = Release|Any CPU
		{6B9FF109-0F1C-45CC-ABAF-AF2C91E92736}.Debug|Any CPU.ActiveCfg = Debug|Any CPU
		{6B9FF109-0F1C-45CC-ABAF-AF2C91E92736}.Debug|Any CPU.Build.0 = Debug|Any CPU
		{6B9FF109-0F1C-45CC-ABAF-AF2C91E92736}.Release|Any CPU.ActiveCfg = Release|Any CPU
		{6B9FF109-0F1C-45CC-ABAF-AF2C91E92736}.Release|Any CPU.Build.0 = Release|Any CPU
		{40617092-A78E-4D98-80C0-D81127C7ADF1}.Debug|Any CPU.ActiveCfg = Debug|Any CPU
		{40617092-A78E-4D98-80C0-D81127C7ADF1}.Debug|Any CPU.Build.0 = Debug|Any CPU
		{40617092-A78E-4D98-80C0-D81127C7ADF1}.Release|Any CPU.ActiveCfg = Release|Any CPU
		{40617092-A78E-4D98-80C0-D81127C7ADF1}.Release|Any CPU.Build.0 = Release|Any CPU
		{5190200E-8E49-40E7-A4E0-B77243B83187}.Debug|Any CPU.ActiveCfg = Debug|Any CPU
		{5190200E-8E49-40E7-A4E0-B77243B83187}.Debug|Any CPU.Build.0 = Debug|Any CPU
		{5190200E-8E49-40E7-A4E0-B77243B83187}.Release|Any CPU.ActiveCfg = Release|Any CPU
		{5190200E-8E49-40E7-A4E0-B77243B83187}.Release|Any CPU.Build.0 = Release|Any CPU
		{1A069D93-A456-4A3A-BD0E-CFD470E926EE}.Debug|Any CPU.ActiveCfg = Debug|Any CPU
		{1A069D93-A456-4A3A-BD0E-CFD470E926EE}.Debug|Any CPU.Build.0 = Debug|Any CPU
		{1A069D93-A456-4A3A-BD0E-CFD470E926EE}.Release|Any CPU.ActiveCfg = Release|Any CPU
		{1A069D93-A456-4A3A-BD0E-CFD470E926EE}.Release|Any CPU.Build.0 = Release|Any CPU
		{96D55D6F-A7AA-4B10-AA1E-FEC9DEAC9436}.Debug|Any CPU.ActiveCfg = Debug|Any CPU
		{96D55D6F-A7AA-4B10-AA1E-FEC9DEAC9436}.Debug|Any CPU.Build.0 = Debug|Any CPU
		{96D55D6F-A7AA-4B10-AA1E-FEC9DEAC9436}.Release|Any CPU.ActiveCfg = Release|Any CPU
		{96D55D6F-A7AA-4B10-AA1E-FEC9DEAC9436}.Release|Any CPU.Build.0 = Release|Any CPU
		{C60F3683-2E53-4BAC-A657-538621B5A8A5}.Debug|Any CPU.ActiveCfg = Debug|Any CPU
		{C60F3683-2E53-4BAC-A657-538621B5A8A5}.Debug|Any CPU.Build.0 = Debug|Any CPU
		{C60F3683-2E53-4BAC-A657-538621B5A8A5}.Release|Any CPU.ActiveCfg = Release|Any CPU
		{C60F3683-2E53-4BAC-A657-538621B5A8A5}.Release|Any CPU.Build.0 = Release|Any CPU
		{154DAD17-18F4-4925-A223-F1C888C85221}.Debug|Any CPU.ActiveCfg = Debug|Any CPU
		{154DAD17-18F4-4925-A223-F1C888C85221}.Debug|Any CPU.Build.0 = Debug|Any CPU
		{154DAD17-18F4-4925-A223-F1C888C85221}.Release|Any CPU.ActiveCfg = Release|Any CPU
		{154DAD17-18F4-4925-A223-F1C888C85221}.Release|Any CPU.Build.0 = Release|Any CPU
		{5CF10610-123C-4747-9ED1-D345633EFB40}.Debug|Any CPU.ActiveCfg = Debug|Any CPU
		{5CF10610-123C-4747-9ED1-D345633EFB40}.Debug|Any CPU.Build.0 = Debug|Any CPU
		{5CF10610-123C-4747-9ED1-D345633EFB40}.Release|Any CPU.ActiveCfg = Release|Any CPU
		{5CF10610-123C-4747-9ED1-D345633EFB40}.Release|Any CPU.Build.0 = Release|Any CPU
		{E7FF2212-5129-45D6-9F7D-A9612B6ED410}.Debug|Any CPU.ActiveCfg = Debug|Any CPU
		{E7FF2212-5129-45D6-9F7D-A9612B6ED410}.Debug|Any CPU.Build.0 = Debug|Any CPU
		{E7FF2212-5129-45D6-9F7D-A9612B6ED410}.Release|Any CPU.ActiveCfg = Release|Any CPU
		{E7FF2212-5129-45D6-9F7D-A9612B6ED410}.Release|Any CPU.Build.0 = Release|Any CPU
		{C9281BAA-538D-4C06-A456-B990A0144E59}.Debug|Any CPU.ActiveCfg = Debug|Any CPU
		{C9281BAA-538D-4C06-A456-B990A0144E59}.Debug|Any CPU.Build.0 = Debug|Any CPU
		{C9281BAA-538D-4C06-A456-B990A0144E59}.Release|Any CPU.ActiveCfg = Release|Any CPU
		{C9281BAA-538D-4C06-A456-B990A0144E59}.Release|Any CPU.Build.0 = Release|Any CPU
		{A30014E5-3821-45E3-A808-295CE1170017}.Debug|Any CPU.ActiveCfg = Debug|Any CPU
		{A30014E5-3821-45E3-A808-295CE1170017}.Debug|Any CPU.Build.0 = Debug|Any CPU
		{A30014E5-3821-45E3-A808-295CE1170017}.Release|Any CPU.ActiveCfg = Release|Any CPU
		{A30014E5-3821-45E3-A808-295CE1170017}.Release|Any CPU.Build.0 = Release|Any CPU
		{A58FFEB4-D041-457C-81CF-48BF175F698C}.Debug|Any CPU.ActiveCfg = Debug|Any CPU
		{A58FFEB4-D041-457C-81CF-48BF175F698C}.Debug|Any CPU.Build.0 = Debug|Any CPU
		{A58FFEB4-D041-457C-81CF-48BF175F698C}.Release|Any CPU.ActiveCfg = Release|Any CPU
		{A58FFEB4-D041-457C-81CF-48BF175F698C}.Release|Any CPU.Build.0 = Release|Any CPU
		{C55695CB-3FF1-4952-91D6-ADADDDFA365F}.Debug|Any CPU.ActiveCfg = Debug|Any CPU
		{C55695CB-3FF1-4952-91D6-ADADDDFA365F}.Debug|Any CPU.Build.0 = Debug|Any CPU
		{C55695CB-3FF1-4952-91D6-ADADDDFA365F}.Release|Any CPU.ActiveCfg = Release|Any CPU
		{C55695CB-3FF1-4952-91D6-ADADDDFA365F}.Release|Any CPU.Build.0 = Release|Any CPU
		{A804685F-E64F-4C7E-91CB-0693826BEBA6}.Debug|Any CPU.ActiveCfg = Debug|Any CPU
		{A804685F-E64F-4C7E-91CB-0693826BEBA6}.Debug|Any CPU.Build.0 = Debug|Any CPU
		{A804685F-E64F-4C7E-91CB-0693826BEBA6}.Release|Any CPU.ActiveCfg = Release|Any CPU
		{A804685F-E64F-4C7E-91CB-0693826BEBA6}.Release|Any CPU.Build.0 = Release|Any CPU
		{CE127797-D5B2-42E5-9441-F5CCDCC83A4D}.Debug|Any CPU.ActiveCfg = Debug|Any CPU
		{CE127797-D5B2-42E5-9441-F5CCDCC83A4D}.Debug|Any CPU.Build.0 = Debug|Any CPU
		{CE127797-D5B2-42E5-9441-F5CCDCC83A4D}.Release|Any CPU.ActiveCfg = Release|Any CPU
		{CE127797-D5B2-42E5-9441-F5CCDCC83A4D}.Release|Any CPU.Build.0 = Release|Any CPU
		{D243FFAB-19AB-4D78-96C5-61A4F3247DCC}.Debug|Any CPU.ActiveCfg = Debug|Any CPU
		{D243FFAB-19AB-4D78-96C5-61A4F3247DCC}.Debug|Any CPU.Build.0 = Debug|Any CPU
		{D243FFAB-19AB-4D78-96C5-61A4F3247DCC}.Release|Any CPU.ActiveCfg = Release|Any CPU
		{D243FFAB-19AB-4D78-96C5-61A4F3247DCC}.Release|Any CPU.Build.0 = Release|Any CPU
		{5115792D-2B55-4237-88C0-7C8096F89690}.Debug|Any CPU.ActiveCfg = Debug|Any CPU
		{5115792D-2B55-4237-88C0-7C8096F89690}.Debug|Any CPU.Build.0 = Debug|Any CPU
		{5115792D-2B55-4237-88C0-7C8096F89690}.Release|Any CPU.ActiveCfg = Release|Any CPU
		{5115792D-2B55-4237-88C0-7C8096F89690}.Release|Any CPU.Build.0 = Release|Any CPU
		{29549BBA-89BA-4D2E-AC4E-CBFF78B30214}.Debug|Any CPU.ActiveCfg = Debug|Any CPU
		{29549BBA-89BA-4D2E-AC4E-CBFF78B30214}.Debug|Any CPU.Build.0 = Debug|Any CPU
		{29549BBA-89BA-4D2E-AC4E-CBFF78B30214}.Release|Any CPU.ActiveCfg = Release|Any CPU
		{29549BBA-89BA-4D2E-AC4E-CBFF78B30214}.Release|Any CPU.Build.0 = Release|Any CPU
		{3B8E14E5-615C-474F-8ED2-43518DF2584D}.Debug|Any CPU.ActiveCfg = Debug|Any CPU
		{3B8E14E5-615C-474F-8ED2-43518DF2584D}.Debug|Any CPU.Build.0 = Debug|Any CPU
		{3B8E14E5-615C-474F-8ED2-43518DF2584D}.Release|Any CPU.ActiveCfg = Release|Any CPU
		{3B8E14E5-615C-474F-8ED2-43518DF2584D}.Release|Any CPU.Build.0 = Release|Any CPU
		{679B9F08-1AF0-41BA-9491-7D7DFEBBAD55}.Debug|Any CPU.ActiveCfg = Debug|Any CPU
		{679B9F08-1AF0-41BA-9491-7D7DFEBBAD55}.Debug|Any CPU.Build.0 = Debug|Any CPU
		{679B9F08-1AF0-41BA-9491-7D7DFEBBAD55}.Release|Any CPU.ActiveCfg = Release|Any CPU
		{679B9F08-1AF0-41BA-9491-7D7DFEBBAD55}.Release|Any CPU.Build.0 = Release|Any CPU
		{B079C7DF-DA59-4C4D-98B2-CE3920948B00}.Debug|Any CPU.ActiveCfg = Debug|Any CPU
		{B079C7DF-DA59-4C4D-98B2-CE3920948B00}.Debug|Any CPU.Build.0 = Debug|Any CPU
		{B079C7DF-DA59-4C4D-98B2-CE3920948B00}.Release|Any CPU.ActiveCfg = Release|Any CPU
		{B079C7DF-DA59-4C4D-98B2-CE3920948B00}.Release|Any CPU.Build.0 = Release|Any CPU
		{01B9ACF9-D827-4248-A715-B34406B43548}.Debug|Any CPU.ActiveCfg = Debug|Any CPU
		{01B9ACF9-D827-4248-A715-B34406B43548}.Debug|Any CPU.Build.0 = Debug|Any CPU
		{01B9ACF9-D827-4248-A715-B34406B43548}.Release|Any CPU.ActiveCfg = Release|Any CPU
		{01B9ACF9-D827-4248-A715-B34406B43548}.Release|Any CPU.Build.0 = Release|Any CPU
		{7A08EF71-B816-44F2-9C9D-19328CBE227E}.Debug|Any CPU.ActiveCfg = Debug|Any CPU
		{7A08EF71-B816-44F2-9C9D-19328CBE227E}.Debug|Any CPU.Build.0 = Debug|Any CPU
		{7A08EF71-B816-44F2-9C9D-19328CBE227E}.Release|Any CPU.ActiveCfg = Release|Any CPU
		{7A08EF71-B816-44F2-9C9D-19328CBE227E}.Release|Any CPU.Build.0 = Release|Any CPU
		{A6EB957E-633C-4806-A2E4-DB2A2EE9A3C0}.Debug|Any CPU.ActiveCfg = Debug|Any CPU
		{A6EB957E-633C-4806-A2E4-DB2A2EE9A3C0}.Debug|Any CPU.Build.0 = Debug|Any CPU
		{A6EB957E-633C-4806-A2E4-DB2A2EE9A3C0}.Release|Any CPU.ActiveCfg = Release|Any CPU
		{A6EB957E-633C-4806-A2E4-DB2A2EE9A3C0}.Release|Any CPU.Build.0 = Release|Any CPU
	EndGlobalSection
	GlobalSection(SolutionProperties) = preSolution
		HideSolutionNode = FALSE
	EndGlobalSection
	GlobalSection(NestedProjects) = preSolution
		{7AF29904-C1FC-40CC-A14F-A1B03D639D54} = {5E077768-708C-4516-A1DF-0C260C4AC63C}
		{0CE2992B-6E44-43DD-88CA-F372A98CD64C} = {7AF29904-C1FC-40CC-A14F-A1B03D639D54}
		{5744DD38-2707-4F30-B03C-41ECDF69F493} = {7AF29904-C1FC-40CC-A14F-A1B03D639D54}
		{73DF2F1C-D3CC-4778-B55E-75C4264E0BA8} = {7AF29904-C1FC-40CC-A14F-A1B03D639D54}
		{08D714BF-0027-4A23-A8B8-58E36A5BC593} = {7AF29904-C1FC-40CC-A14F-A1B03D639D54}
		{94FC34E4-7839-4DB8-9095-27EF23E811A0} = {7AF29904-C1FC-40CC-A14F-A1B03D639D54}
		{24E1D6A3-DB4E-4AD9-9735-05F644252891} = {7AF29904-C1FC-40CC-A14F-A1B03D639D54}
		{31BFA849-04AB-4440-BACC-44BAF4572D89} = {7AF29904-C1FC-40CC-A14F-A1B03D639D54}
		{D0A7DCD7-AB55-4920-B735-CCA26BD2B091} = {7AF29904-C1FC-40CC-A14F-A1B03D639D54}
		{F6C08F17-529C-4F2D-BDBB-0C37BD8D2625} = {7AF29904-C1FC-40CC-A14F-A1B03D639D54}
		{5AC37F7A-E735-4A37-9962-809DB23771AD} = {7AF29904-C1FC-40CC-A14F-A1B03D639D54}
		{80EBC22E-F517-43C6-AE5E-D226206C960E} = {7AF29904-C1FC-40CC-A14F-A1B03D639D54}
		{2CBEA687-B204-4EF8-8869-0212C10C162B} = {7AF29904-C1FC-40CC-A14F-A1B03D639D54}
		{E4EE7827-987C-47AD-993C-A435EBC8B238} = {7AF29904-C1FC-40CC-A14F-A1B03D639D54}
		{A8A0DADD-29B0-4675-BA94-4E9F57B6305C} = {7AF29904-C1FC-40CC-A14F-A1B03D639D54}
		{092E0643-7828-4823-8F35-3E667E27F01E} = {7AF29904-C1FC-40CC-A14F-A1B03D639D54}
		{04BF9D44-8AFE-4B5F-AE84-93916C2A375A} = {7AF29904-C1FC-40CC-A14F-A1B03D639D54}
		{1841564E-25D6-4432-B9E2-295B8F78750B} = {7AF29904-C1FC-40CC-A14F-A1B03D639D54}
		{801D2D4B-DB40-4829-80F2-0C26AE31FC2B} = {7AF29904-C1FC-40CC-A14F-A1B03D639D54}
		{C775746B-BBE8-44C5-AD4E-D3C67033BDFC} = {7AF29904-C1FC-40CC-A14F-A1B03D639D54}
		{E323ABE8-9640-4782-8584-0F5788C494BD} = {5E077768-708C-4516-A1DF-0C260C4AC63C}
		{865C39C1-9D87-472E-B92D-B3B87404EB83} = {E323ABE8-9640-4782-8584-0F5788C494BD}
		{37312129-B896-40FC-B770-9504AF381161} = {5E077768-708C-4516-A1DF-0C260C4AC63C}
		{13C6668E-C2D6-427C-A82A-3EC1002FFAF1} = {37312129-B896-40FC-B770-9504AF381161}
		{C07BA866-AC99-4408-80F0-97030EF31F0F} = {13C6668E-C2D6-427C-A82A-3EC1002FFAF1}
		{A0C501FB-E6C6-4574-A5F1-E98D400F2D76} = {37312129-B896-40FC-B770-9504AF381161}
		{9C0DF32A-1D6C-495B-B7AA-D1F72D2FCF39} = {A0C501FB-E6C6-4574-A5F1-E98D400F2D76}
		{97BD62F2-D1FE-4FA5-A5DE-18C95C742C70} = {A0C501FB-E6C6-4574-A5F1-E98D400F2D76}
		{5EED3D5B-5E7D-4CA4-8F94-C479B8E65740} = {37312129-B896-40FC-B770-9504AF381161}
		{0B77F88F-F17E-4782-80D7-99601765081C} = {5EED3D5B-5E7D-4CA4-8F94-C479B8E65740}
		{7C943D5A-69D5-4D5F-AE24-5A470E25B3AC} = {5EED3D5B-5E7D-4CA4-8F94-C479B8E65740}
		{D2B8B5EE-A5FE-4C0F-A49E-9608B0F5160A} = {37312129-B896-40FC-B770-9504AF381161}
		{29F852AA-A5C1-0E65-6DC3-795E88A102EE} = {D2B8B5EE-A5FE-4C0F-A49E-9608B0F5160A}
		{E135AE1D-26C0-4424-8698-68B224565F85} = {D2B8B5EE-A5FE-4C0F-A49E-9608B0F5160A}
		{B17E40F5-3860-4457-AEBE-2CB56E0D2A61} = {37312129-B896-40FC-B770-9504AF381161}
		{0F653714-9877-425F-900C-45171F92108D} = {B17E40F5-3860-4457-AEBE-2CB56E0D2A61}
		{00879B93-986C-4021-842F-BEBDA0657091} = {B17E40F5-3860-4457-AEBE-2CB56E0D2A61}
		{CC84784C-CD7D-4141-9A3E-B0C8181144A4} = {37312129-B896-40FC-B770-9504AF381161}
		{AEE3F05C-4B05-4A2D-80D2-18ED84BE9551} = {CC84784C-CD7D-4141-9A3E-B0C8181144A4}
		{781250D7-9286-443F-9507-D2E4223A4749} = {CC84784C-CD7D-4141-9A3E-B0C8181144A4}
		{0CE0C99E-DF9D-47C5-B48B-2D0BDEF6ADAB} = {37312129-B896-40FC-B770-9504AF381161}
		{705594AD-68B7-4739-AAB3-2F891391C645} = {0CE0C99E-DF9D-47C5-B48B-2D0BDEF6ADAB}
		{E33979E1-3E0F-458E-9946-794C58802ED1} = {0CE0C99E-DF9D-47C5-B48B-2D0BDEF6ADAB}
		{05772352-433B-44B6-BDDC-54A3A6E0A6C5} = {37312129-B896-40FC-B770-9504AF381161}
		{086D607C-65C7-495E-BDB4-C06DD3D2C104} = {05772352-433B-44B6-BDDC-54A3A6E0A6C5}
		{738963EB-5DF8-49F5-8D81-EA1FA0D1CEC4} = {05772352-433B-44B6-BDDC-54A3A6E0A6C5}
		{0AB61C1F-3B78-48C0-9AA9-70A5353CA064} = {37312129-B896-40FC-B770-9504AF381161}
		{83C9919F-0E0B-4696-8931-CEA9E8DAB8A7} = {0AB61C1F-3B78-48C0-9AA9-70A5353CA064}
		{539F4C90-864E-43ED-B0C0-DE7C81D114BC} = {0AB61C1F-3B78-48C0-9AA9-70A5353CA064}
		{0238506E-65DD-498C-9418-66368690A916} = {37312129-B896-40FC-B770-9504AF381161}
		{329CEDC5-6E53-4B3F-BA11-3414A1344706} = {0238506E-65DD-498C-9418-66368690A916}
		{5EA04358-2375-4918-8BE4-BAB526C6BA93} = {0238506E-65DD-498C-9418-66368690A916}
		{0F99F9FB-4FD3-4C01-8E3D-F4EA76A599D4} = {37312129-B896-40FC-B770-9504AF381161}
		{B39CF179-328C-4D29-ADD7-3BFAEDD0D532} = {0F99F9FB-4FD3-4C01-8E3D-F4EA76A599D4}
		{123919B6-3F99-45FE-ACF4-2C1DDDDBD72C} = {0F99F9FB-4FD3-4C01-8E3D-F4EA76A599D4}
		{548C1ABB-1056-473C-B05B-953FE8F86645} = {37312129-B896-40FC-B770-9504AF381161}
		{6E05DF97-BC43-4F21-988A-F0C8F232FCC0} = {548C1ABB-1056-473C-B05B-953FE8F86645}
		{396BE24C-BB5F-434F-B380-3701AD6BD915} = {548C1ABB-1056-473C-B05B-953FE8F86645}
		{24625648-CEBB-4FB8-89DE-9D15B95D2C10} = {37312129-B896-40FC-B770-9504AF381161}
		{2A7A4EA2-52DE-430C-A7C0-2C208F75CB69} = {24625648-CEBB-4FB8-89DE-9D15B95D2C10}
		{62D0B65D-187F-43D9-9AFB-4BF1F99BFD5B} = {24625648-CEBB-4FB8-89DE-9D15B95D2C10}
		{8C11D0D0-F537-477B-8C6A-65439A8352BC} = {37312129-B896-40FC-B770-9504AF381161}
		{2B63A1BA-2025-46A6-8E16-27191D4C5DEC} = {8C11D0D0-F537-477B-8C6A-65439A8352BC}
		{F9A9C3E5-F355-4F2B-ABC3-D948624A52B7} = {8C11D0D0-F537-477B-8C6A-65439A8352BC}
		{92ABA9AB-4EEA-4D27-B70B-9CF69BB284AA} = {37312129-B896-40FC-B770-9504AF381161}
		{6B9FF109-0F1C-45CC-ABAF-AF2C91E92736} = {92ABA9AB-4EEA-4D27-B70B-9CF69BB284AA}
		{40617092-A78E-4D98-80C0-D81127C7ADF1} = {92ABA9AB-4EEA-4D27-B70B-9CF69BB284AA}
		{DEA10F37-9F93-495B-97DF-C7BD0DF97010} = {6B358671-0754-48B5-A88B-5B53FBE25F22}
		{5190200E-8E49-40E7-A4E0-B77243B83187} = {DEA10F37-9F93-495B-97DF-C7BD0DF97010}
		{9D6CBA4B-B265-4928-8320-3C3450B752A8} = {6B358671-0754-48B5-A88B-5B53FBE25F22}
		{93BC2D07-04C7-44E9-94CB-BDACC368E280} = {9D6CBA4B-B265-4928-8320-3C3450B752A8}
		{1A069D93-A456-4A3A-BD0E-CFD470E926EE} = {93BC2D07-04C7-44E9-94CB-BDACC368E280}
		{13937D21-2F3C-44F8-98F0-91C4839546F8} = {9D6CBA4B-B265-4928-8320-3C3450B752A8}
		{96D55D6F-A7AA-4B10-AA1E-FEC9DEAC9436} = {13937D21-2F3C-44F8-98F0-91C4839546F8}
		{6B9D6490-864A-4D99-977A-A791D20AFD19} = {9D6CBA4B-B265-4928-8320-3C3450B752A8}
		{C60F3683-2E53-4BAC-A657-538621B5A8A5} = {6B9D6490-864A-4D99-977A-A791D20AFD19}
		{6C9EC04F-D0AA-439C-90CB-B8F285B04B9F} = {9D6CBA4B-B265-4928-8320-3C3450B752A8}
		{154DAD17-18F4-4925-A223-F1C888C85221} = {6C9EC04F-D0AA-439C-90CB-B8F285B04B9F}
		{E03DB862-0D76-4BCD-85BC-19C4CF14B539} = {6B358671-0754-48B5-A88B-5B53FBE25F22}
		{6CCE5B4E-21CA-40DC-A019-72BF98EE335B} = {E03DB862-0D76-4BCD-85BC-19C4CF14B539}
		{5CF10610-123C-4747-9ED1-D345633EFB40} = {6CCE5B4E-21CA-40DC-A019-72BF98EE335B}
		{E7FF2212-5129-45D6-9F7D-A9612B6ED410} = {6CCE5B4E-21CA-40DC-A019-72BF98EE335B}
		{C9281BAA-538D-4C06-A456-B990A0144E59} = {6CCE5B4E-21CA-40DC-A019-72BF98EE335B}
		{A30014E5-3821-45E3-A808-295CE1170017} = {6CCE5B4E-21CA-40DC-A019-72BF98EE335B}
		{A58FFEB4-D041-457C-81CF-48BF175F698C} = {6CCE5B4E-21CA-40DC-A019-72BF98EE335B}
		{C55695CB-3FF1-4952-91D6-ADADDDFA365F} = {6CCE5B4E-21CA-40DC-A019-72BF98EE335B}
		{B8FE53CE-F480-4CA3-8D63-2BC65E6F1374} = {E03DB862-0D76-4BCD-85BC-19C4CF14B539}
		{A804685F-E64F-4C7E-91CB-0693826BEBA6} = {B8FE53CE-F480-4CA3-8D63-2BC65E6F1374}
		{CE127797-D5B2-42E5-9441-F5CCDCC83A4D} = {B8FE53CE-F480-4CA3-8D63-2BC65E6F1374}
		{D243FFAB-19AB-4D78-96C5-61A4F3247DCC} = {B8FE53CE-F480-4CA3-8D63-2BC65E6F1374}
		{5115792D-2B55-4237-88C0-7C8096F89690} = {B8FE53CE-F480-4CA3-8D63-2BC65E6F1374}
		{29549BBA-89BA-4D2E-AC4E-CBFF78B30214} = {B8FE53CE-F480-4CA3-8D63-2BC65E6F1374}
		{3B8E14E5-615C-474F-8ED2-43518DF2584D} = {B8FE53CE-F480-4CA3-8D63-2BC65E6F1374}
		{67EDBD94-8E94-4314-9482-AF521A4814B8} = {E03DB862-0D76-4BCD-85BC-19C4CF14B539}
		{679B9F08-1AF0-41BA-9491-7D7DFEBBAD55} = {67EDBD94-8E94-4314-9482-AF521A4814B8}
		{B079C7DF-DA59-4C4D-98B2-CE3920948B00} = {67EDBD94-8E94-4314-9482-AF521A4814B8}
		{01B9ACF9-D827-4248-A715-B34406B43548} = {67EDBD94-8E94-4314-9482-AF521A4814B8}
		{7A08EF71-B816-44F2-9C9D-19328CBE227E} = {67EDBD94-8E94-4314-9482-AF521A4814B8}
		{A6EB957E-633C-4806-A2E4-DB2A2EE9A3C0} = {67EDBD94-8E94-4314-9482-AF521A4814B8}
	EndGlobalSection
	GlobalSection(ExtensibilityGlobals) = postSolution
		SolutionGuid = {A5638AA6-6B15-46B5-8677-C920FF9AC214}
	EndGlobalSection
EndGlobal
