
Microsoft Visual Studio Solution File, Format Version 12.00
Project("{2150E333-8FDC-42A3-9474-1A3956D46DE8}") = "src", "src", "{5E077768-708C-4516-A1DF-0C260C4AC63C}"
EndProject
Project("{2150E333-8FDC-42A3-9474-1A3956D46DE8}") = "BuildingBlocks", "BuildingBlocks", "{7AF29904-C1FC-40CC-A14F-A1B03D639D54}"
EndProject
Project("{FAE04EC0-301F-11D3-BF4B-00C04F79EFBC}") = "BuildingBlocks.Abstractions", "src\BuildingBlocks\BuildingBlocks.Abstractions\BuildingBlocks.Abstractions.csproj", "{0CE2992B-6E44-43DD-88CA-F372A98CD64C}"
EndProject
Project("{FAE04EC0-301F-11D3-BF4B-00C04F79EFBC}") = "BuildingBlocks.Core", "src\BuildingBlocks\BuildingBlocks.Core\BuildingBlocks.Core.csproj", "{5744DD38-2707-4F30-B03C-41ECDF69F493}"
EndProject
Project("{FAE04EC0-301F-11D3-BF4B-00C04F79EFBC}") = "BuildingBlocks.Caching", "src\BuildingBlocks\BuildingBlocks.Caching\BuildingBlocks.Caching.csproj", "{73DF2F1C-D3CC-4778-B55E-75C4264E0BA8}"
EndProject
Project("{FAE04EC0-301F-11D3-BF4B-00C04F79EFBC}") = "BuildingBlocks.Email", "src\BuildingBlocks\BuildingBlocks.Email\BuildingBlocks.Email.csproj", "{08D714BF-0027-4A23-A8B8-58E36A5BC593}"
EndProject
Project("{FAE04EC0-301F-11D3-BF4B-00C04F79EFBC}") = "BuildingBlocks.HealthCheck", "src\BuildingBlocks\BuildingBlocks.HealthCheck\BuildingBlocks.HealthCheck.csproj", "{94FC34E4-7839-4DB8-9095-27EF23E811A0}"
EndProject
Project("{FAE04EC0-301F-11D3-BF4B-00C04F79EFBC}") = "BuildingBlocks.Integration.MassTransit", "src\BuildingBlocks\BuildingBlocks.Integration.MassTransit\BuildingBlocks.Integration.MassTransit.csproj", "{24E1D6A3-DB4E-4AD9-9735-05F644252891}"
EndProject
Project("{FAE04EC0-301F-11D3-BF4B-00C04F79EFBC}") = "BuildingBlocks.Logging", "src\BuildingBlocks\BuildingBlocks.Logging\BuildingBlocks.Logging.csproj", "{31BFA849-04AB-4440-BACC-44BAF4572D89}"
EndProject
Project("{FAE04EC0-301F-11D3-BF4B-00C04F79EFBC}") = "BuildingBlocks.OpenTelemetry", "src\BuildingBlocks\BuildingBlocks.OpenTelemetry\BuildingBlocks.OpenTelemetry.csproj", "{D0A7DCD7-AB55-4920-B735-CCA26BD2B091}"
EndProject
Project("{FAE04EC0-301F-11D3-BF4B-00C04F79EFBC}") = "BuildingBlocks.Persistence.EfCore.Postgres", "src\BuildingBlocks\BuildingBlocks.Persistence.EfCore.Postgres\BuildingBlocks.Persistence.EfCore.Postgres.csproj", "{F6C08F17-529C-4F2D-BDBB-0C37BD8D2625}"
EndProject
Project("{FAE04EC0-301F-11D3-BF4B-00C04F79EFBC}") = "BuildingBlocks.Persistence.EventStoreDB", "src\BuildingBlocks\BuildingBlocks.Persistence.EventStoreDB\BuildingBlocks.Persistence.EventStoreDB.csproj", "{5AC37F7A-E735-4A37-9962-809DB23771AD}"
EndProject
Project("{FAE04EC0-301F-11D3-BF4B-00C04F79EFBC}") = "BuildingBlocks.Persistence.Marten", "src\BuildingBlocks\BuildingBlocks.Persistence.Marten\BuildingBlocks.Persistence.Marten.csproj", "{80EBC22E-F517-43C6-AE5E-D226206C960E}"
EndProject
Project("{FAE04EC0-301F-11D3-BF4B-00C04F79EFBC}") = "BuildingBlocks.Persistence.Mongo", "src\BuildingBlocks\BuildingBlocks.Persistence.Mongo\BuildingBlocks.Persistence.Mongo.csproj", "{2CBEA687-B204-4EF8-8869-0212C10C162B}"
EndProject
Project("{FAE04EC0-301F-11D3-BF4B-00C04F79EFBC}") = "BuildingBlocks.Resiliency", "src\BuildingBlocks\BuildingBlocks.Resiliency\BuildingBlocks.Resiliency.csproj", "{E4EE7827-987C-47AD-993C-A435EBC8B238}"
EndProject
Global
	GlobalSection(SolutionConfigurationPlatforms) = preSolution
		Debug|Any CPU = Debug|Any CPU
		Release|Any CPU = Release|Any CPU
	EndGlobalSection
	GlobalSection(NestedProjects) = preSolution
		{7AF29904-C1FC-40CC-A14F-A1B03D639D54} = {5E077768-708C-4516-A1DF-0C260C4AC63C}
		{0CE2992B-6E44-43DD-88CA-F372A98CD64C} = {7AF29904-C1FC-40CC-A14F-A1B03D639D54}
		{5744DD38-2707-4F30-B03C-41ECDF69F493} = {7AF29904-C1FC-40CC-A14F-A1B03D639D54}
		{73DF2F1C-D3CC-4778-B55E-75C4264E0BA8} = {7AF29904-C1FC-40CC-A14F-A1B03D639D54}
		{08D714BF-0027-4A23-A8B8-58E36A5BC593} = {7AF29904-C1FC-40CC-A14F-A1B03D639D54}
		{94FC34E4-7839-4DB8-9095-27EF23E811A0} = {7AF29904-C1FC-40CC-A14F-A1B03D639D54}
		{24E1D6A3-DB4E-4AD9-9735-05F644252891} = {7AF29904-C1FC-40CC-A14F-A1B03D639D54}
		{31BFA849-04AB-4440-BACC-44BAF4572D89} = {7AF29904-C1FC-40CC-A14F-A1B03D639D54}
		{D0A7DCD7-AB55-4920-B735-CCA26BD2B091} = {7AF29904-C1FC-40CC-A14F-A1B03D639D54}
		{F6C08F17-529C-4F2D-BDBB-0C37BD8D2625} = {7AF29904-C1FC-40CC-A14F-A1B03D639D54}
		{5AC37F7A-E735-4A37-9962-809DB23771AD} = {7AF29904-C1FC-40CC-A14F-A1B03D639D54}
		{80EBC22E-F517-43C6-AE5E-D226206C960E} = {7AF29904-C1FC-40CC-A14F-A1B03D639D54}
		{2CBEA687-B204-4EF8-8869-0212C10C162B} = {7AF29904-C1FC-40CC-A14F-A1B03D639D54}
		{E4EE7827-987C-47AD-993C-A435EBC8B238} = {7AF29904-C1FC-40CC-A14F-A1B03D639D54}
	EndGlobalSection
	GlobalSection(ProjectConfigurationPlatforms) = postSolution
		{0CE2992B-6E44-43DD-88CA-F372A98CD64C}.Debug|Any CPU.ActiveCfg = Debug|Any CPU
		{0CE2992B-6E44-43DD-88CA-F372A98CD64C}.Debug|Any CPU.Build.0 = Debug|Any CPU
		{0CE2992B-6E44-43DD-88CA-F372A98CD64C}.Release|Any CPU.ActiveCfg = Release|Any CPU
		{0CE2992B-6E44-43DD-88CA-F372A98CD64C}.Release|Any CPU.Build.0 = Release|Any CPU
		{5744DD38-2707-4F30-B03C-41ECDF69F493}.Debug|Any CPU.ActiveCfg = Debug|Any CPU
		{5744DD38-2707-4F30-B03C-41ECDF69F493}.Debug|Any CPU.Build.0 = Debug|Any CPU
		{5744DD38-2707-4F30-B03C-41ECDF69F493}.Release|Any CPU.ActiveCfg = Release|Any CPU
		{5744DD38-2707-4F30-B03C-41ECDF69F493}.Release|Any CPU.Build.0 = Release|Any CPU
		{73DF2F1C-D3CC-4778-B55E-75C4264E0BA8}.Debug|Any CPU.ActiveCfg = Debug|Any CPU
		{73DF2F1C-D3CC-4778-B55E-75C4264E0BA8}.Debug|Any CPU.Build.0 = Debug|Any CPU
		{73DF2F1C-D3CC-4778-B55E-75C4264E0BA8}.Release|Any CPU.ActiveCfg = Release|Any CPU
		{73DF2F1C-D3CC-4778-B55E-75C4264E0BA8}.Release|Any CPU.Build.0 = Release|Any CPU
		{08D714BF-0027-4A23-A8B8-58E36A5BC593}.Debug|Any CPU.ActiveCfg = Debug|Any CPU
		{08D714BF-0027-4A23-A8B8-58E36A5BC593}.Debug|Any CPU.Build.0 = Debug|Any CPU
		{08D714BF-0027-4A23-A8B8-58E36A5BC593}.Release|Any CPU.ActiveCfg = Release|Any CPU
		{08D714BF-0027-4A23-A8B8-58E36A5BC593}.Release|Any CPU.Build.0 = Release|Any CPU
		{94FC34E4-7839-4DB8-9095-27EF23E811A0}.Debug|Any CPU.ActiveCfg = Debug|Any CPU
		{94FC34E4-7839-4DB8-9095-27EF23E811A0}.Debug|Any CPU.Build.0 = Debug|Any CPU
		{94FC34E4-7839-4DB8-9095-27EF23E811A0}.Release|Any CPU.ActiveCfg = Release|Any CPU
		{94FC34E4-7839-4DB8-9095-27EF23E811A0}.Release|Any CPU.Build.0 = Release|Any CPU
		{24E1D6A3-DB4E-4AD9-9735-05F644252891}.Debug|Any CPU.ActiveCfg = Debug|Any CPU
		{24E1D6A3-DB4E-4AD9-9735-05F644252891}.Debug|Any CPU.Build.0 = Debug|Any CPU
		{24E1D6A3-DB4E-4AD9-9735-05F644252891}.Release|Any CPU.ActiveCfg = Release|Any CPU
		{24E1D6A3-DB4E-4AD9-9735-05F644252891}.Release|Any CPU.Build.0 = Release|Any CPU
		{31BFA849-04AB-4440-BACC-44BAF4572D89}.Debug|Any CPU.ActiveCfg = Debug|Any CPU
		{31BFA849-04AB-4440-BACC-44BAF4572D89}.Debug|Any CPU.Build.0 = Debug|Any CPU
		{31BFA849-04AB-4440-BACC-44BAF4572D89}.Release|Any CPU.ActiveCfg = Release|Any CPU
		{31BFA849-04AB-4440-BACC-44BAF4572D89}.Release|Any CPU.Build.0 = Release|Any CPU
		{D0A7DCD7-AB55-4920-B735-CCA26BD2B091}.Debug|Any CPU.ActiveCfg = Debug|Any CPU
		{D0A7DCD7-AB55-4920-B735-CCA26BD2B091}.Debug|Any CPU.Build.0 = Debug|Any CPU
		{D0A7DCD7-AB55-4920-B735-CCA26BD2B091}.Release|Any CPU.ActiveCfg = Release|Any CPU
		{D0A7DCD7-AB55-4920-B735-CCA26BD2B091}.Release|Any CPU.Build.0 = Release|Any CPU
		{F6C08F17-529C-4F2D-BDBB-0C37BD8D2625}.Debug|Any CPU.ActiveCfg = Debug|Any CPU
		{F6C08F17-529C-4F2D-BDBB-0C37BD8D2625}.Debug|Any CPU.Build.0 = Debug|Any CPU
		{F6C08F17-529C-4F2D-BDBB-0C37BD8D2625}.Release|Any CPU.ActiveCfg = Release|Any CPU
		{F6C08F17-529C-4F2D-BDBB-0C37BD8D2625}.Release|Any CPU.Build.0 = Release|Any CPU
		{5AC37F7A-E735-4A37-9962-809DB23771AD}.Debug|Any CPU.ActiveCfg = Debug|Any CPU
		{5AC37F7A-E735-4A37-9962-809DB23771AD}.Debug|Any CPU.Build.0 = Debug|Any CPU
		{5AC37F7A-E735-4A37-9962-809DB23771AD}.Release|Any CPU.ActiveCfg = Release|Any CPU
		{5AC37F7A-E735-4A37-9962-809DB23771AD}.Release|Any CPU.Build.0 = Release|Any CPU
		{80EBC22E-F517-43C6-AE5E-D226206C960E}.Debug|Any CPU.ActiveCfg = Debug|Any CPU
		{80EBC22E-F517-43C6-AE5E-D226206C960E}.Debug|Any CPU.Build.0 = Debug|Any CPU
		{80EBC22E-F517-43C6-AE5E-D226206C960E}.Release|Any CPU.ActiveCfg = Release|Any CPU
		{80EBC22E-F517-43C6-AE5E-D226206C960E}.Release|Any CPU.Build.0 = Release|Any CPU
		{2CBEA687-B204-4EF8-8869-0212C10C162B}.Debug|Any CPU.ActiveCfg = Debug|Any CPU
		{2CBEA687-B204-4EF8-8869-0212C10C162B}.Debug|Any CPU.Build.0 = Debug|Any CPU
		{2CBEA687-B204-4EF8-8869-0212C10C162B}.Release|Any CPU.ActiveCfg = Release|Any CPU
		{2CBEA687-B204-4EF8-8869-0212C10C162B}.Release|Any CPU.Build.0 = Release|Any CPU
		{E4EE7827-987C-47AD-993C-A435EBC8B238}.Debug|Any CPU.ActiveCfg = Debug|Any CPU
		{E4EE7827-987C-47AD-993C-A435EBC8B238}.Debug|Any CPU.Build.0 = Debug|Any CPU
		{E4EE7827-987C-47AD-993C-A435EBC8B238}.Release|Any CPU.ActiveCfg = Release|Any CPU
		{E4EE7827-987C-47AD-993C-A435EBC8B238}.Release|Any CPU.Build.0 = Release|Any CPU
	EndGlobalSection
EndGlobal
